
Microsoft Visual Studio Solution File, Format Version 12.00
# Visual Studio Version 16
VisualStudioVersion = 16.0.30804.86
MinimumVisualStudioVersion = 10.0.40219.1
Project("{FAE04EC0-301F-11D3-BF4B-00C04F79EFBC}") = "DoctorsAppointment.API", "DoctorsAppointment.API\DoctorsAppointment.API.csproj", "{AE97C8D4-3510-4CB8-BEDB-9E97DEBA4C75}"
EndProject
Global
	GlobalSection(SolutionConfigurationPlatforms) = preSolution
		Debug|Any CPU = Debug|Any CPU
		Release|Any CPU = Release|Any CPU
	EndGlobalSection
	GlobalSection(ProjectConfigurationPlatforms) = postSolution
		{AE97C8D4-3510-4CB8-BEDB-9E97DEBA4C75}.Debug|Any CPU.ActiveCfg = Debug|Any CPU
		{AE97C8D4-3510-4CB8-BEDB-9E97DEBA4C75}.Debug|Any CPU.Build.0 = Debug|Any CPU
		{AE97C8D4-3510-4CB8-BEDB-9E97DEBA4C75}.Release|Any CPU.ActiveCfg = Release|Any CPU
		{AE97C8D4-3510-4CB8-BEDB-9E97DEBA4C75}.Release|Any CPU.Build.0 = Release|Any CPU
	EndGlobalSection
	GlobalSection(SolutionProperties) = preSolution
		HideSolutionNode = FALSE
	EndGlobalSection
	GlobalSection(ExtensibilityGlobals) = postSolution
		SolutionGuid = {D44741ED-DEAA-45EE-8CFE-B4719CA0B163}
	EndGlobalSection
EndGlobal
